
Microsoft Visual Studio Solution File, Format Version 12.00
# Visual Studio Version 17
VisualStudioVersion = 17.0.32014.148
MinimumVisualStudioVersion = 10.0.40219.1
Project("{2150E333-8FDC-42A3-9474-1A3956D46DE8}") = "api", "api", "{87A26BF9-82D9-45CC-BEF4-38350293AD70}"
EndProject
Project("{2150E333-8FDC-42A3-9474-1A3956D46DE8}") = "10 DAL", "10 DAL", "{083938DF-D4DA-446D-93B0-61C4E087C60C}"
EndProject
Project("{2150E333-8FDC-42A3-9474-1A3956D46DE8}") = "20 BLL", "20 BLL", "{05ED80D6-8CD8-4E69-954A-77A2DB677627}"
EndProject
Project("{2150E333-8FDC-42A3-9474-1A3956D46DE8}") = "30 UIL", "30 UIL", "{0B7A2D1A-DBEE-45AF-A661-30A2A5711D9E}"
EndProject
Project("{9A19103F-16F7-4668-BE54-9A1E7A4F7556}") = "Api.Depot.DAL", "PID-depot\Api.Depot.DAL\Api.Depot.DAL.csproj", "{96486657-8C1C-440F-83AC-58FE3CE4312F}"
EndProject
Project("{9A19103F-16F7-4668-BE54-9A1E7A4F7556}") = "Api.Depot.BLL", "PID-depot\Api.Depot.BLL\Api.Depot.BLL.csproj", "{2F5BBE75-0899-4C7F-959A-ADFB462482EC}"
EndProject
Project("{9A19103F-16F7-4668-BE54-9A1E7A4F7556}") = "Api.Depot.UIL", "PID-depot\Api.Depot.UIL\Api.Depot.UIL.csproj", "{D92E9A15-5382-45D1-802D-3735A68DD4B9}"
EndProject
Global
	GlobalSection(SolutionConfigurationPlatforms) = preSolution
		Debug|Any CPU = Debug|Any CPU
		Release|Any CPU = Release|Any CPU
	EndGlobalSection
	GlobalSection(ProjectConfigurationPlatforms) = postSolution
		{96486657-8C1C-440F-83AC-58FE3CE4312F}.Debug|Any CPU.ActiveCfg = Debug|Any CPU
		{96486657-8C1C-440F-83AC-58FE3CE4312F}.Debug|Any CPU.Build.0 = Debug|Any CPU
		{96486657-8C1C-440F-83AC-58FE3CE4312F}.Release|Any CPU.ActiveCfg = Release|Any CPU
		{96486657-8C1C-440F-83AC-58FE3CE4312F}.Release|Any CPU.Build.0 = Release|Any CPU
		{2F5BBE75-0899-4C7F-959A-ADFB462482EC}.Debug|Any CPU.ActiveCfg = Debug|Any CPU
		{2F5BBE75-0899-4C7F-959A-ADFB462482EC}.Debug|Any CPU.Build.0 = Debug|Any CPU
		{2F5BBE75-0899-4C7F-959A-ADFB462482EC}.Release|Any CPU.ActiveCfg = Release|Any CPU
		{2F5BBE75-0899-4C7F-959A-ADFB462482EC}.Release|Any CPU.Build.0 = Release|Any CPU
		{D92E9A15-5382-45D1-802D-3735A68DD4B9}.Debug|Any CPU.ActiveCfg = Debug|Any CPU
		{D92E9A15-5382-45D1-802D-3735A68DD4B9}.Debug|Any CPU.Build.0 = Debug|Any CPU
		{D92E9A15-5382-45D1-802D-3735A68DD4B9}.Release|Any CPU.ActiveCfg = Release|Any CPU
		{D92E9A15-5382-45D1-802D-3735A68DD4B9}.Release|Any CPU.Build.0 = Release|Any CPU
	EndGlobalSection
	GlobalSection(SolutionProperties) = preSolution
		HideSolutionNode = FALSE
	EndGlobalSection
	GlobalSection(NestedProjects) = preSolution
		{083938DF-D4DA-446D-93B0-61C4E087C60C} = {87A26BF9-82D9-45CC-BEF4-38350293AD70}
		{05ED80D6-8CD8-4E69-954A-77A2DB677627} = {87A26BF9-82D9-45CC-BEF4-38350293AD70}
		{0B7A2D1A-DBEE-45AF-A661-30A2A5711D9E} = {87A26BF9-82D9-45CC-BEF4-38350293AD70}
		{96486657-8C1C-440F-83AC-58FE3CE4312F} = {083938DF-D4DA-446D-93B0-61C4E087C60C}
		{2F5BBE75-0899-4C7F-959A-ADFB462482EC} = {05ED80D6-8CD8-4E69-954A-77A2DB677627}
		{D92E9A15-5382-45D1-802D-3735A68DD4B9} = {0B7A2D1A-DBEE-45AF-A661-30A2A5711D9E}
	EndGlobalSection
	GlobalSection(ExtensibilityGlobals) = postSolution
		SolutionGuid = {43030AE3-261F-4E88-8F02-8984B6E0A9F8}
	EndGlobalSection
EndGlobal
