
Microsoft Visual Studio Solution File, Format Version 12.00
# Visual Studio Version 17
VisualStudioVersion = 17.0.32014.148
MinimumVisualStudioVersion = 10.0.40219.1
Project("{2150E333-8FDC-42A3-9474-1A3956D46DE8}") = "api", "api", "{87A26BF9-82D9-45CC-BEF4-38350293AD70}"
EndProject
Project("{2150E333-8FDC-42A3-9474-1A3956D46DE8}") = "web", "web", "{82191E83-FA8D-44C0-8890-83088773C13C}"
EndProject
Project("{9A19103F-16F7-4668-BE54-9A1E7A4F7556}") = "Api.Depot.BLL", "PID-depot\api.depot.bll\Api.Depot.BLL.csproj", "{8A3D2E56-DE35-405F-BE33-451869F49431}"
EndProject
Project("{9A19103F-16F7-4668-BE54-9A1E7A4F7556}") = "Api.Depot.DAL", "PID-depot\api.depot.dal\Api.Depot.DAL.csproj", "{FEFAB730-5558-45A5-9554-937CBDB092F7}"
EndProject
Project("{9A19103F-16F7-4668-BE54-9A1E7A4F7556}") = "Api.Depot.UIL", "PID-depot\api.depot.uil\Api.Depot.UIL.csproj", "{7D8B2942-238E-4671-9856-E698AF6E97B4}"
EndProject
Project("{9A19103F-16F7-4668-BE54-9A1E7A4F7556}") = "Depot.BLL", "PID-depot\depot.bll\Depot.BLL.csproj", "{836099AD-3B8C-4163-9050-CB7F6B9FCF49}"
EndProject
Project("{9A19103F-16F7-4668-BE54-9A1E7A4F7556}") = "Depot.UIL", "PID-depot\depot.uil\Depot.UIL.csproj", "{9B246018-CD95-48AC-9113-DA1EA9295CB0}"
EndProject
Global
	GlobalSection(SolutionConfigurationPlatforms) = preSolution
		Debug|Any CPU = Debug|Any CPU
		Release|Any CPU = Release|Any CPU
	EndGlobalSection
	GlobalSection(ProjectConfigurationPlatforms) = postSolution
		{8A3D2E56-DE35-405F-BE33-451869F49431}.Debug|Any CPU.ActiveCfg = Debug|Any CPU
		{8A3D2E56-DE35-405F-BE33-451869F49431}.Debug|Any CPU.Build.0 = Debug|Any CPU
		{8A3D2E56-DE35-405F-BE33-451869F49431}.Release|Any CPU.ActiveCfg = Release|Any CPU
		{8A3D2E56-DE35-405F-BE33-451869F49431}.Release|Any CPU.Build.0 = Release|Any CPU
		{FEFAB730-5558-45A5-9554-937CBDB092F7}.Debug|Any CPU.ActiveCfg = Debug|Any CPU
		{FEFAB730-5558-45A5-9554-937CBDB092F7}.Debug|Any CPU.Build.0 = Debug|Any CPU
		{FEFAB730-5558-45A5-9554-937CBDB092F7}.Release|Any CPU.ActiveCfg = Release|Any CPU
		{FEFAB730-5558-45A5-9554-937CBDB092F7}.Release|Any CPU.Build.0 = Release|Any CPU
		{7D8B2942-238E-4671-9856-E698AF6E97B4}.Debug|Any CPU.ActiveCfg = Debug|Any CPU
		{7D8B2942-238E-4671-9856-E698AF6E97B4}.Debug|Any CPU.Build.0 = Debug|Any CPU
		{7D8B2942-238E-4671-9856-E698AF6E97B4}.Release|Any CPU.ActiveCfg = Release|Any CPU
		{7D8B2942-238E-4671-9856-E698AF6E97B4}.Release|Any CPU.Build.0 = Release|Any CPU
		{836099AD-3B8C-4163-9050-CB7F6B9FCF49}.Debug|Any CPU.ActiveCfg = Debug|Any CPU
		{836099AD-3B8C-4163-9050-CB7F6B9FCF49}.Debug|Any CPU.Build.0 = Debug|Any CPU
		{836099AD-3B8C-4163-9050-CB7F6B9FCF49}.Release|Any CPU.ActiveCfg = Release|Any CPU
		{836099AD-3B8C-4163-9050-CB7F6B9FCF49}.Release|Any CPU.Build.0 = Release|Any CPU
		{9B246018-CD95-48AC-9113-DA1EA9295CB0}.Debug|Any CPU.ActiveCfg = Debug|Any CPU
		{9B246018-CD95-48AC-9113-DA1EA9295CB0}.Debug|Any CPU.Build.0 = Debug|Any CPU
		{9B246018-CD95-48AC-9113-DA1EA9295CB0}.Release|Any CPU.ActiveCfg = Release|Any CPU
		{9B246018-CD95-48AC-9113-DA1EA9295CB0}.Release|Any CPU.Build.0 = Release|Any CPU
	EndGlobalSection
	GlobalSection(SolutionProperties) = preSolution
		HideSolutionNode = FALSE
	EndGlobalSection
	GlobalSection(NestedProjects) = preSolution
		{8A3D2E56-DE35-405F-BE33-451869F49431} = {87A26BF9-82D9-45CC-BEF4-38350293AD70}
		{FEFAB730-5558-45A5-9554-937CBDB092F7} = {87A26BF9-82D9-45CC-BEF4-38350293AD70}
		{7D8B2942-238E-4671-9856-E698AF6E97B4} = {87A26BF9-82D9-45CC-BEF4-38350293AD70}
		{836099AD-3B8C-4163-9050-CB7F6B9FCF49} = {82191E83-FA8D-44C0-8890-83088773C13C}
		{9B246018-CD95-48AC-9113-DA1EA9295CB0} = {82191E83-FA8D-44C0-8890-83088773C13C}
	EndGlobalSection
	GlobalSection(ExtensibilityGlobals) = postSolution
		SolutionGuid = {43030AE3-261F-4E88-8F02-8984B6E0A9F8}
	EndGlobalSection
EndGlobal
